
Microsoft Visual Studio Solution File, Format Version 12.00
# Visual Studio Version 17
VisualStudioVersion = 17.9.34616.47
MinimumVisualStudioVersion = 10.0.40219.1
Project("{FAE04EC0-301F-11D3-BF4B-00C04F79EFBC}") = "WAMiCafesitoApp", "WAMiCafesitoApp.csproj", "{476A07FF-A564-49E8-8D4E-36E5157CAC75}"
EndProject
Global
	GlobalSection(SolutionConfigurationPlatforms) = preSolution
		Debug|Any CPU = Debug|Any CPU
		Release|Any CPU = Release|Any CPU
	EndGlobalSection
	GlobalSection(ProjectConfigurationPlatforms) = postSolution
		{476A07FF-A564-49E8-8D4E-36E5157CAC75}.Debug|Any CPU.ActiveCfg = Debug|Any CPU
		{476A07FF-A564-49E8-8D4E-36E5157CAC75}.Debug|Any CPU.Build.0 = Debug|Any CPU
		{476A07FF-A564-49E8-8D4E-36E5157CAC75}.Release|Any CPU.ActiveCfg = Release|Any CPU
		{476A07FF-A564-49E8-8D4E-36E5157CAC75}.Release|Any CPU.Build.0 = Release|Any CPU
	EndGlobalSection
	GlobalSection(SolutionProperties) = preSolution
		HideSolutionNode = FALSE
	EndGlobalSection
	GlobalSection(ExtensibilityGlobals) = postSolution
		SolutionGuid = {0CD697E2-29F1-4392-8A70-68B4C74067AA}
	EndGlobalSection
EndGlobal
